{
  "version": "5",
  "specifiers": {
    "jsr:@deno/loader@0.3": "0.3.0",
    "jsr:@std/assert@^1.0.13": "1.0.13",
    "jsr:@std/internal@^1.0.6": "1.0.8",
    "jsr:@std/internal@^1.0.9": "1.0.10",
    "jsr:@std/path@^1.1.1": "1.1.1",
    "npm:rolldown@^1.0.0-rc.2": "1.0.0-rc.2"
  },
  "jsr": {
    "@deno/loader@0.3.0": {
      "integrity": "f6a293012922c3c560ae0fb24db2065566f8307f48fceac2d4ddfcce5fd3a9d7"
    },
    "@std/assert@1.0.13": {
      "integrity": "ae0d31e41919b12c656c742b22522c32fb26ed0cba32975cb0de2a273cb68b29",
      "dependencies": [
        "jsr:@std/internal@^1.0.6"
      ]
    },
    "@std/internal@1.0.8": {
      "integrity": "fc66e846d8d38a47cffd274d80d2ca3f0de71040f855783724bb6b87f60891f5"
    },
    "@std/internal@1.0.10": {
      "integrity": "e3be62ce42cab0e177c27698e5d9800122f67b766a0bea6ca4867886cbde8cf7"
    },
    "@std/path@1.1.1": {
      "integrity": "fe00026bd3a7e6a27f73709b83c607798be40e20c81dde655ce34052fd82ec76",
      "dependencies": [
        "jsr:@std/internal@^1.0.9"
      ]
    }
  },
  "npm": {
    "@emnapi/core@1.8.1": {
      "integrity": "sha512-AvT9QFpxK0Zd8J0jopedNm+w/2fIzvtPKPjqyw9jwvBaReTTqPBk9Hixaz7KbjimP+QNz605/XnjFcDAL2pqBg==",
      "dependencies": [
        "@emnapi/wasi-threads",
        "tslib"
      ]
    },
    "@emnapi/runtime@1.8.1": {
      "integrity": "sha512-mehfKSMWjjNol8659Z8KxEMrdSJDDot5SXMq00dM8BN4o+CLNXQ0xH2V7EchNHV4RmbZLmmPdEaXZc5H2FXmDg==",
      "dependencies": [
        "tslib"
      ]
    },
    "@emnapi/wasi-threads@1.1.0": {
      "integrity": "sha512-WI0DdZ8xFSbgMjR1sFsKABJ/C5OnRrjT06JXbZKexJGrDuPTzZdDYfFlsgcCXCyf+suG5QU2e/y1Wo2V/OapLQ==",
      "dependencies": [
        "tslib"
      ]
    },
    "@napi-rs/wasm-runtime@1.1.1": {
      "integrity": "sha512-p64ah1M1ld8xjWv3qbvFwHiFVWrq1yFvV4f7w+mzaqiR4IlSgkqhcRdHwsGgomwzBH51sRY4NEowLxnaBjcW/A==",
      "dependencies": [
        "@emnapi/core",
        "@emnapi/runtime",
        "@tybys/wasm-util"
      ]
    },
    "@oxc-project/types@0.111.0": {
      "integrity": "sha512-bh54LJMafgRGl2cPQ/QM+tI5rWaShm/wK9KywEj/w36MhiPKXYM67H2y3q+9pr4YO7ufwg2AKdBAZkhHBD8ClA=="
    },
    "@rolldown/binding-android-arm64@1.0.0-rc.2": {
      "integrity": "sha512-AGV80viZ4Hil4C16GFH+PSwq10jclV9oyRFhD+5HdowPOCJ+G+99N5AClQvMkUMIahTY8cX0SQpKEEWcCg6fSA==",
      "os": ["android"],
      "cpu": ["arm64"]
    },
    "@rolldown/binding-darwin-arm64@1.0.0-rc.2": {
      "integrity": "sha512-PYR+PQu1mMmQiiKHN2JiOctvH32Xc/Mf+Su2RSmWtC9BbIqlqsVWjbulnShk0imjRim0IsbkMMCN5vYQwiuqaA==",
      "os": ["darwin"],
      "cpu": ["arm64"]
    },
    "@rolldown/binding-darwin-x64@1.0.0-rc.2": {
      "integrity": "sha512-X2G36Z6oh5ynoYpE2JAyG+uQ4kO/3N7XydM/I98FNk8VVgDKjajFF+v7TXJ2FMq6xa7Xm0UIUKHW2MRQroqoUA==",
      "os": ["darwin"],
      "cpu": ["x64"]
    },
    "@rolldown/binding-freebsd-x64@1.0.0-rc.2": {
      "integrity": "sha512-XpiFTsl9qjiDfrmJF6CE3dgj1nmSbxUIT+p2HIbXV6WOj/32btO8FKkWSsOphUwVinEt3R8HVkVrcLtFNruMMQ==",
      "os": ["freebsd"],
      "cpu": ["x64"]
    },
    "@rolldown/binding-linux-arm-gnueabihf@1.0.0-rc.2": {
      "integrity": "sha512-zjYZ99e47Wlygs4hW+sQ+kshlO8ake9OoY2ecnJ9cwpDGiiIB9rQ3LgP3kt8j6IeVyMSksu//VEhc8Mrd1lRIw==",
      "os": ["linux"],
      "cpu": ["arm"]
    },
    "@rolldown/binding-linux-arm64-gnu@1.0.0-rc.2": {
      "integrity": "sha512-Piso04EZ9IHV1aZSsLQVMOPTiCq4Ps2UPL3pchjNXHGJGFiB9U42s22LubPaEBFS+i6tCawS5EarIwex1zC4BA==",
      "os": ["linux"],
      "cpu": ["arm64"]
    },
    "@rolldown/binding-linux-arm64-musl@1.0.0-rc.2": {
      "integrity": "sha512-OwJCeMZlmjKsN9pfJfTmqYpe3JC+L6RO87+hu9ajRLr1Lh6cM2FRQ8e48DLRyRDww8Ti695XQvqEANEMmsuzLw==",
      "os": ["linux"],
      "cpu": ["arm64"]
    },
    "@rolldown/binding-linux-x64-gnu@1.0.0-rc.2": {
      "integrity": "sha512-uQqBmA8dTWbKvfqbeSsXNUssRGfdgQCc0hkGfhQN7Pf85wG2h0Fd/z2d+ykyT4YbcsjQdgEGxBNsg3v4ekOuEA==",
      "os": ["linux"],
      "cpu": ["x64"]
    },
    "@rolldown/binding-linux-x64-musl@1.0.0-rc.2": {
      "integrity": "sha512-ItZabVsICCYWHbP+jcAgNzjPAYg5GIVQp/NpqT6iOgWctaMYtobClc5m0kNtxwqfNrLXoyt998xUey4AvcxnGQ==",
      "os": ["linux"],
      "cpu": ["x64"]
    },
    "@rolldown/binding-openharmony-arm64@1.0.0-rc.2": {
      "integrity": "sha512-U4UYANwafcMXSUC0VqdrqTAgCo2v8T7SiuTYwVFXgia0KOl8jiv3okwCFqeZNuw/G6EWDiqhT8kK1DLgyLsxow==",
      "os": ["openharmony"],
      "cpu": ["arm64"]
    },
    "@rolldown/binding-wasm32-wasi@1.0.0-rc.2": {
      "integrity": "sha512-ZIWCjQsMon4tqRoao0Vzowjwx0cmFT3kublh2nNlgeasIJMWlIGHtr0d4fPypm57Rqx4o1h4L8SweoK2q6sMGA==",
      "dependencies": [
        "@napi-rs/wasm-runtime"
      ],
      "cpu": ["wasm32"]
    },
    "@rolldown/binding-win32-arm64-msvc@1.0.0-rc.2": {
      "integrity": "sha512-NIo7vwRUPEzZ4MuZGr5YbDdjJ84xdiG+YYf8ZBfTgvIsk9wM0sZamJPEXvaLkzVIHpOw5uqEHXS85Gqqb7aaqQ==",
      "os": ["win32"],
      "cpu": ["arm64"]
    },
    "@rolldown/binding-win32-x64-msvc@1.0.0-rc.2": {
      "integrity": "sha512-bLKzyLFbvngeNPZocuLo3LILrKwCrkyMxmRXs6fZYDrvh7cyZRw9v56maDL9ipPas0OOmQK1kAKYwvTs30G21Q==",
      "os": ["win32"],
      "cpu": ["x64"]
    },
    "@rolldown/pluginutils@1.0.0-rc.2": {
      "integrity": "sha512-izyXV/v+cHiRfozX62W9htOAvwMo4/bXKDrQ+vom1L1qRuexPock/7VZDAhnpHCLNejd3NJ6hiab+tO0D44Rgw=="
    },
    "@tybys/wasm-util@0.10.1": {
      "integrity": "sha512-9tTaPJLSiejZKx+Bmog4uSubteqTvFrVrURwkmHixBo0G4seD0zUxp98E1DzUBJxLQ3NPwXrGKDiVjwx/DpPsg==",
      "dependencies": [
        "tslib"
      ]
    },
    "rolldown@1.0.0-rc.2": {
      "integrity": "sha512-1g/8Us9J8sgJGn3hZfBecX1z4U3y5KO7V/aV2U1M/9UUzLNqHA8RfFQ/NPT7HLxOIldyIgrcjaYTRvA81KhJIg==",
      "dependencies": [
        "@oxc-project/types",
        "@rolldown/pluginutils"
      ],
      "optionalDependencies": [
        "@rolldown/binding-android-arm64",
        "@rolldown/binding-darwin-arm64",
        "@rolldown/binding-darwin-x64",
        "@rolldown/binding-freebsd-x64",
        "@rolldown/binding-linux-arm-gnueabihf",
        "@rolldown/binding-linux-arm64-gnu",
        "@rolldown/binding-linux-arm64-musl",
        "@rolldown/binding-linux-x64-gnu",
        "@rolldown/binding-linux-x64-musl",
        "@rolldown/binding-openharmony-arm64",
        "@rolldown/binding-wasm32-wasi",
        "@rolldown/binding-win32-arm64-msvc",
        "@rolldown/binding-win32-x64-msvc"
      ],
      "bin": true
    },
    "tslib@2.8.1": {
      "integrity": "sha512-oJFu94HQb+KVduSUQL7wnpmqnfmLsOA/nAh6b6EH0wCEoK0/mPeXU6c3wKDV83MkOuHPRHtSXKKU99IBazS/2w=="
    }
  },
  "workspace": {
    "dependencies": [
      "jsr:@deno/loader@0.3",
      "jsr:@std/assert@^1.0.13",
      "jsr:@std/path@^1.1.1",
      "npm:rolldown@^1.0.0-rc.2"
    ]
  }
}
